<?xml version="1.0" encoding="UTF-8" standalone="yes" ?>
<CodeBlocks_project_file>
	<FileVersion major="1" minor="6" />
	<Project>
		<Option title="3DS" />
		<Option makefile_is_custom="1" />
		<Option pch_mode="2" />
		<Option compiler="null" />
		<MakeCommands>
			<Build command="" />
			<CompileFile command="" />
			<Clean command="" />
			<DistClean command="" />
			<AskRebuildNeeded command="" />
			<SilentBuild command=" &gt; $(CMD_NULL)" />
		</MakeCommands>
		<Build>
			<Target title="3dsx">
				<Option output="output/app.elf" prefix_auto="0" extension_auto="0" />
				<Option working_dir="output" />
				<Option type="1" />
				<Option compiler="nintendo3ds" />
				<Option use_console_runner="0" />
				<Option projectCompilerOptionsRelation="-1" />
				<Option projectLinkerOptionsRelation="-1" />
				<Option projectIncludeDirsRelation="-1" />
				<Option projectLibDirsRelation="-1" />
				<MakeCommands>
					<Build command="$make -f $makefile $target" />
					<CompileFile command="$make -f $makefile source/$file" />
					<Clean command="$make -f $makefile clean" />
					<DistClean command="" />
					<AskRebuildNeeded command="$make -q -f $makefile $target" />
					<SilentBuild command="$make -f $makefile $target &gt; $(CMD_NULL)" />
				</MakeCommands>
			</Target>
			<Target title="cia">
				<Option type="4" />
				<Option compiler="null" />
				<MakeCommands>
					<Build command="$make -f $makefile $target" />
					<CompileFile command="$make -f $makefile source/$file" />
					<Clean command="$make -f $makefile clean" />
					<DistClean command="$make -f $makefile distclean$target" />
					<AskRebuildNeeded command="$make -q -f $makefile $target" />
					<SilentBuild command="$make -f $makefile $target &gt; $(CMD_NULL)" />
				</MakeCommands>
			</Target>
			<Target title="3ds">
				<Option output="build.elf" prefix_auto="0" extension_auto="0" />
				<Option working_dir="output" />
				<Option object_output="/home/kvnxp/codeblocks/template/.objs" />
				<Option type="1" />
				<Option compiler="nintendo3ds" />
				<Option use_console_runner="0" />
				<MakeCommands>
					<Build command="$make -f $makefile $target" />
					<CompileFile command="$make -f $makefile source/$file" />
					<Clean command="$make -f $makefile clean" />
					<DistClean command="$make -f $makefile distclean$target" />
					<AskRebuildNeeded command="$make -q -f $makefile $target" />
					<SilentBuild command="$make -f $makefile $target &gt; $(CMD_NULL)" />
				</MakeCommands>
			</Target>
			<Target title="elf">
				<Option output="3ds" prefix_auto="0" extension_auto="0" />
				<Option object_output="/home/kvnxp/codeblocks/template/.objs" />
				<Option type="1" />
				<Option compiler="nintendo3ds" />
				<Option use_console_runner="0" />
				<MakeCommands>
					<Build command="$make -f $makefile $target" />
					<CompileFile command="$make -f $makefile source/$file" />
					<Clean command="$make -f $makefile clean" />
					<DistClean command="$make -f $makefile distclean$target" />
					<AskRebuildNeeded command="$make -q -f $makefile $target" />
					<SilentBuild command="$make -f $makefile $target &gt; $(CMD_NULL)" />
				</MakeCommands>
			</Target>
			<Target title="citra">
				<Option type="4" />
				<Option compiler="nintendo3ds" />
				<MakeCommands>
					<Build command="$make -f $makefile $target" />
					<CompileFile command="$make -f $makefile source/$file" />
					<Clean command="$make -f $makefile clean" />
					<DistClean command="$make -f $makefile distclean$target" />
					<AskRebuildNeeded command="$make -q -f $makefile $target" />
					<SilentBuild command="$make -f $makefile $target &gt; $(CMD_NULL)" />
				</MakeCommands>
			</Target>
			<Target title="3dsxlink">
				<Option type="4" />
				<Option compiler="null" />
				<Compiler>
					<Add option="-O2" />
				</Compiler>
				<Linker>
					<Add option="-s" />
				</Linker>
				<MakeCommands>
					<Build command="$make -f $makefile $target" />
					<CompileFile command="$make -f $makefile source/$file" />
					<Clean command="$make -f $makefile clean" />
					<DistClean command="$make -f $makefile distclean$target" />
					<AskRebuildNeeded command="$make -q -f $makefile $target" />
					<SilentBuild command="$make -f $makefile $target &gt; $(CMD_NULL)" />
				</MakeCommands>
			</Target>
			<Target title="spunch">
				<Option type="4" />
				<Option compiler="null" />
				<Compiler>
					<Add option="-O2" />
				</Compiler>
				<Linker>
					<Add option="-s" />
				</Linker>
				<MakeCommands>
					<Build command="$make -f $makefile $target" />
					<CompileFile command="$make -f $makefile source/$file" />
					<Clean command="$make -f $makefile clean" />
					<DistClean command="$make -f $makefile distclean$target" />
					<AskRebuildNeeded command="$make -q -f $makefile $target" />
					<SilentBuild command="$make -f $makefile $target &gt; $(CMD_NULL)" />
				</MakeCommands>
			</Target>
			<Target title="release">
				<Option type="4" />
				<Option compiler="null" />
				<MakeCommands>
					<Build command="$make -f $makefile" />
					<CompileFile command="$make -f $makefile source/$file" />
					<Clean command="$make -f $makefile clean" />
					<DistClean command="$make -f $makefile distclean$target" />
					<AskRebuildNeeded command="$make -q -f $makefile $target" />
					<SilentBuild command="$make -f $makefile &gt; $(CMD_NULL)" />
				</MakeCommands>
			</Target>
		</Build>
		<Unit filename="Makefile">
			<Option target="3dsx" />
			<Option target="citra" />
			<Option target="3dsxlink" />
			<Option target="spunch" />
		</Unit>
		<Unit filename="resources/AppInfo" />
		<Unit filename="source/main.cpp">
			<Option target="3dsx" />
			<Option target="citra" />
			<Option target="3dsxlink" />
			<Option target="spunch" />
		</Unit>
		<Extensions>
			<debugger>
				<remote_debugging target="3dsx">
					<options conn_type="0" serial_baud="115200" ip_address="127.0.0.1" ip_port="12345" additional_shell_cmds_before="citra -g 12345 $(PROJECT_DIR)/output/app.3dsx &amp;" />
				</remote_debugging>
			</debugger>
			<lib_finder disable_auto="1" />
			<code_completion />
		</Extensions>
	</Project>
</CodeBlocks_project_file>
